
Microsoft Visual Studio Solution File, Format Version 12.00
# Visual Studio Version 16
VisualStudioVersion = 16.0.29201.188
MinimumVisualStudioVersion = 10.0.40219.1
Project("{2150E333-8FDC-42A3-9474-1A3956D46DE8}") = "src", "src", "{D9DC57F2-2311-400B-8E1E-BEE8AE8F0E07}"
	ProjectSection(SolutionItems) = preProject
		Readme.md = Readme.md
	EndProjectSection
EndProject
Project("{2150E333-8FDC-42A3-9474-1A3956D46DE8}") = "tests", "tests", "{96DA3373-63AF-4AF5-A57C-34BD5D193796}"
EndProject
Project("{2150E333-8FDC-42A3-9474-1A3956D46DE8}") = "1-entrypoint", "1-entrypoint", "{E0B3A5C8-C4B8-4A79-BC86-D6E1AB354240}"
EndProject
Project("{2150E333-8FDC-42A3-9474-1A3956D46DE8}") = "2-core", "2-core", "{7C6A6A7D-1D94-400A-8DB7-D26215173DC9}"
EndProject
Project("{2150E333-8FDC-42A3-9474-1A3956D46DE8}") = "3-infrastructure", "3-infrastructure", "{65999155-2A7B-4769-B5A0-C33B581B53F8}"
EndProject
Project("{2150E333-8FDC-42A3-9474-1A3956D46DE8}") = "1-entrypoint", "1-entrypoint", "{11445663-AC12-45C9-B7A0-E189C5292D5B}"
EndProject
Project("{2150E333-8FDC-42A3-9474-1A3956D46DE8}") = "2-core", "2-core", "{E40E66D8-45F8-49C0-8ED0-FAA2FD20C902}"
EndProject
Project("{9A19103F-16F7-4668-BE54-9A1E7A4F7556}") = "Fleury.Agendamento.Domain.Tests", "tests\MicrosservicosExemplo.Domain.Tests\Fleury.Agendamento.Domain.Tests.csproj", "{E0114A3F-0497-4CBA-AF86-05DFDD7BCD05}"
EndProject
Project("{9A19103F-16F7-4668-BE54-9A1E7A4F7556}") = "Fleury.Agendamento.Application.Tests", "tests\MicrosservicoExemplo.Application.Tests\Fleury.Agendamento.Application.Tests.csproj", "{5B26E866-9C53-49AF-87B2-15BF88541690}"
EndProject
Project("{2150E333-8FDC-42A3-9474-1A3956D46DE8}") = "Postman", "Postman", "{53E36B41-57E4-4BB0-8052-692CBDD6893A}"
	ProjectSection(SolutionItems) = preProject
		..\..\Users\Galante\Desktop\Temp\Fleury.postman_collection.json = ..\..\Users\Galante\Desktop\Temp\Fleury.postman_collection.json
	EndProjectSection
EndProject
Project("{9A19103F-16F7-4668-BE54-9A1E7A4F7556}") = "Fleury.Agendamento.API", "src\Fleury.Agendamento.API.API\Fleury.Agendamento.API.csproj", "{E49605E4-05C4-4F3C-BAFD-7D5A8BCDFA6F}"
EndProject
Project("{9A19103F-16F7-4668-BE54-9A1E7A4F7556}") = "Fleury.Agendamento.Application", "src\Fleury.Agendamento.API.Application\Fleury.Agendamento.Application.csproj", "{6026FFB1-3024-42EF-96F1-E27E86BD21AE}"
EndProject
Project("{9A19103F-16F7-4668-BE54-9A1E7A4F7556}") = "Fleury.Agendamento.Domain", "src\Fleury.Agendamento.API.Domain\Fleury.Agendamento.Domain.csproj", "{F5E3AB13-B7A1-4FE6-9806-F9ECD06728C5}"
EndProject
Project("{9A19103F-16F7-4668-BE54-9A1E7A4F7556}") = "Fleury.Agendamento.Infrastructure", "src\Fleury.Agendamento.API.Infrastructure\Fleury.Agendamento.Infrastructure.csproj", "{9294473E-D66C-48F4-9BE1-2DD0BF8D7592}"
EndProject
Project("{9A19103F-16F7-4668-BE54-9A1E7A4F7556}") = "Fleury.Agendamento.Infrastructure.Bootstrap", "src\Fleury.Agendamento.API.Infrastructure.DependencyInjection\Fleury.Agendamento.Infrastructure.Bootstrap.csproj", "{86D1173A-BF0C-461C-8559-5397260975CC}"
EndProject
Global
	GlobalSection(SolutionConfigurationPlatforms) = preSolution
		Debug|Any CPU = Debug|Any CPU
		Release|Any CPU = Release|Any CPU
	EndGlobalSection
	GlobalSection(ProjectConfigurationPlatforms) = postSolution
		{E0114A3F-0497-4CBA-AF86-05DFDD7BCD05}.Debug|Any CPU.ActiveCfg = Debug|Any CPU
		{E0114A3F-0497-4CBA-AF86-05DFDD7BCD05}.Debug|Any CPU.Build.0 = Debug|Any CPU
		{E0114A3F-0497-4CBA-AF86-05DFDD7BCD05}.Release|Any CPU.ActiveCfg = Release|Any CPU
		{E0114A3F-0497-4CBA-AF86-05DFDD7BCD05}.Release|Any CPU.Build.0 = Release|Any CPU
		{5B26E866-9C53-49AF-87B2-15BF88541690}.Debug|Any CPU.ActiveCfg = Debug|Any CPU
		{5B26E866-9C53-49AF-87B2-15BF88541690}.Debug|Any CPU.Build.0 = Debug|Any CPU
		{5B26E866-9C53-49AF-87B2-15BF88541690}.Release|Any CPU.ActiveCfg = Release|Any CPU
		{5B26E866-9C53-49AF-87B2-15BF88541690}.Release|Any CPU.Build.0 = Release|Any CPU
		{E49605E4-05C4-4F3C-BAFD-7D5A8BCDFA6F}.Debug|Any CPU.ActiveCfg = Debug|Any CPU
		{E49605E4-05C4-4F3C-BAFD-7D5A8BCDFA6F}.Debug|Any CPU.Build.0 = Debug|Any CPU
		{E49605E4-05C4-4F3C-BAFD-7D5A8BCDFA6F}.Release|Any CPU.ActiveCfg = Release|Any CPU
		{E49605E4-05C4-4F3C-BAFD-7D5A8BCDFA6F}.Release|Any CPU.Build.0 = Release|Any CPU
		{6026FFB1-3024-42EF-96F1-E27E86BD21AE}.Debug|Any CPU.ActiveCfg = Debug|Any CPU
		{6026FFB1-3024-42EF-96F1-E27E86BD21AE}.Debug|Any CPU.Build.0 = Debug|Any CPU
		{6026FFB1-3024-42EF-96F1-E27E86BD21AE}.Release|Any CPU.ActiveCfg = Release|Any CPU
		{6026FFB1-3024-42EF-96F1-E27E86BD21AE}.Release|Any CPU.Build.0 = Release|Any CPU
		{F5E3AB13-B7A1-4FE6-9806-F9ECD06728C5}.Debug|Any CPU.ActiveCfg = Debug|Any CPU
		{F5E3AB13-B7A1-4FE6-9806-F9ECD06728C5}.Debug|Any CPU.Build.0 = Debug|Any CPU
		{F5E3AB13-B7A1-4FE6-9806-F9ECD06728C5}.Release|Any CPU.ActiveCfg = Release|Any CPU
		{F5E3AB13-B7A1-4FE6-9806-F9ECD06728C5}.Release|Any CPU.Build.0 = Release|Any CPU
		{9294473E-D66C-48F4-9BE1-2DD0BF8D7592}.Debug|Any CPU.ActiveCfg = Debug|Any CPU
		{9294473E-D66C-48F4-9BE1-2DD0BF8D7592}.Debug|Any CPU.Build.0 = Debug|Any CPU
		{9294473E-D66C-48F4-9BE1-2DD0BF8D7592}.Release|Any CPU.ActiveCfg = Release|Any CPU
		{9294473E-D66C-48F4-9BE1-2DD0BF8D7592}.Release|Any CPU.Build.0 = Release|Any CPU
		{86D1173A-BF0C-461C-8559-5397260975CC}.Debug|Any CPU.ActiveCfg = Debug|Any CPU
		{86D1173A-BF0C-461C-8559-5397260975CC}.Debug|Any CPU.Build.0 = Debug|Any CPU
		{86D1173A-BF0C-461C-8559-5397260975CC}.Release|Any CPU.ActiveCfg = Release|Any CPU
		{86D1173A-BF0C-461C-8559-5397260975CC}.Release|Any CPU.Build.0 = Release|Any CPU
	EndGlobalSection
	GlobalSection(SolutionProperties) = preSolution
		HideSolutionNode = FALSE
	EndGlobalSection
	GlobalSection(NestedProjects) = preSolution
		{E0B3A5C8-C4B8-4A79-BC86-D6E1AB354240} = {D9DC57F2-2311-400B-8E1E-BEE8AE8F0E07}
		{7C6A6A7D-1D94-400A-8DB7-D26215173DC9} = {D9DC57F2-2311-400B-8E1E-BEE8AE8F0E07}
		{65999155-2A7B-4769-B5A0-C33B581B53F8} = {D9DC57F2-2311-400B-8E1E-BEE8AE8F0E07}
		{11445663-AC12-45C9-B7A0-E189C5292D5B} = {96DA3373-63AF-4AF5-A57C-34BD5D193796}
		{E40E66D8-45F8-49C0-8ED0-FAA2FD20C902} = {96DA3373-63AF-4AF5-A57C-34BD5D193796}
		{E0114A3F-0497-4CBA-AF86-05DFDD7BCD05} = {E40E66D8-45F8-49C0-8ED0-FAA2FD20C902}
		{5B26E866-9C53-49AF-87B2-15BF88541690} = {E40E66D8-45F8-49C0-8ED0-FAA2FD20C902}
		{53E36B41-57E4-4BB0-8052-692CBDD6893A} = {D9DC57F2-2311-400B-8E1E-BEE8AE8F0E07}
		{E49605E4-05C4-4F3C-BAFD-7D5A8BCDFA6F} = {E0B3A5C8-C4B8-4A79-BC86-D6E1AB354240}
		{6026FFB1-3024-42EF-96F1-E27E86BD21AE} = {7C6A6A7D-1D94-400A-8DB7-D26215173DC9}
		{F5E3AB13-B7A1-4FE6-9806-F9ECD06728C5} = {7C6A6A7D-1D94-400A-8DB7-D26215173DC9}
		{9294473E-D66C-48F4-9BE1-2DD0BF8D7592} = {65999155-2A7B-4769-B5A0-C33B581B53F8}
		{86D1173A-BF0C-461C-8559-5397260975CC} = {65999155-2A7B-4769-B5A0-C33B581B53F8}
	EndGlobalSection
	GlobalSection(ExtensibilityGlobals) = postSolution
		SolutionGuid = {CCBF2F9E-5409-4D58-A0EA-5A0733748135}
	EndGlobalSection
EndGlobal
